
Microsoft Visual Studio Solution File, Format Version 12.00
# Visual Studio Version 17
VisualStudioVersion = 17.5.002.0
MinimumVisualStudioVersion = 10.0.40219.1
Project("{9A19103F-16F7-4668-BE54-9A1E7A4F7556}") = "ParcialPrueba", "ParcialPrueba\ParcialPrueba.csproj", "{E153EF8B-AE6C-41B1-8504-FB4A4000DC7A}"
EndProject
Global
	GlobalSection(SolutionConfigurationPlatforms) = preSolution
		Debug|Any CPU = Debug|Any CPU
		Release|Any CPU = Release|Any CPU
	EndGlobalSection
	GlobalSection(ProjectConfigurationPlatforms) = postSolution
		{E153EF8B-AE6C-41B1-8504-FB4A4000DC7A}.Debug|Any CPU.ActiveCfg = Debug|Any CPU
		{E153EF8B-AE6C-41B1-8504-FB4A4000DC7A}.Debug|Any CPU.Build.0 = Debug|Any CPU
		{E153EF8B-AE6C-41B1-8504-FB4A4000DC7A}.Release|Any CPU.ActiveCfg = Release|Any CPU
		{E153EF8B-AE6C-41B1-8504-FB4A4000DC7A}.Release|Any CPU.Build.0 = Release|Any CPU
	EndGlobalSection
	GlobalSection(SolutionProperties) = preSolution
		HideSolutionNode = FALSE
	EndGlobalSection
	GlobalSection(ExtensibilityGlobals) = postSolution
		SolutionGuid = {F8E23CE1-9F90-4125-B673-5198A7CC48C8}
	EndGlobalSection
EndGlobal
